
Microsoft Visual Studio Solution File, Format Version 12.00
# Visual Studio Version 16
VisualStudioVersion = 16.0.31321.278
MinimumVisualStudioVersion = 15.0.26124.0
Project("{9A19103F-16F7-4668-BE54-9A1E7A4F7556}") = "Spear.Payment.Tests", "Spear.Payment.Tests\Spear.Payment.Tests.csproj", "{F6C7489D-3B8E-40B6-ABB6-15999DCB2171}"
EndProject
Project("{9A19103F-16F7-4668-BE54-9A1E7A4F7556}") = "Spear.Payment", "Spear.Payment\Spear.Payment.csproj", "{6B4DB3D5-63CB-4809-8DB5-BD9F0F28E8D1}"
EndProject
Project("{2150E333-8FDC-42A3-9474-1A3956D46DE8}") = "03.Tests", "03.Tests", "{4BB43F58-5E37-481C-98D4-849EFFC9D56D}"
EndProject
Project("{2150E333-8FDC-42A3-9474-1A3956D46DE8}") = "01.Solution Items", "01.Solution Items", "{37BB48A8-02B8-4E24-89BE-6ED2E88C4471}"
	ProjectSection(SolutionItems) = preProject
		Jenkinsfile = Jenkinsfile
		nuget.config = nuget.config
	EndProjectSection
EndProject
Project("{2150E333-8FDC-42A3-9474-1A3956D46DE8}") = "02.Business", "02.Business", "{162ED961-06D9-47AD-BA15-489220AD085E}"
EndProject
Project("{9A19103F-16F7-4668-BE54-9A1E7A4F7556}") = "Spear.Payment.Contracts", "Spear.Payment.Contracts\Spear.Payment.Contracts.csproj", "{F6E13887-B554-4139-874B-188BA468B874}"
EndProject
Project("{9A19103F-16F7-4668-BE54-9A1E7A4F7556}") = "Spear.Payment.Business", "Spear.Payment.Business\Spear.Payment.Business.csproj", "{34C69DBB-54E8-4F64-92DD-A232E785DF1F}"
EndProject
Project("{9A19103F-16F7-4668-BE54-9A1E7A4F7556}") = "Spear.Payment.Sdk", "Spear.Payment.Sdk\Spear.Payment.Sdk.csproj", "{95A3E106-B9CA-435B-BA25-81AFC377B97E}"
EndProject
Project("{2150E333-8FDC-42A3-9474-1A3956D46DE8}") = "04.Platform", "04.Platform", "{37AC0DC7-03CF-41F6-A6AF-D6A0A9F82DEF}"
EndProject
Project("{9A19103F-16F7-4668-BE54-9A1E7A4F7556}") = "Spear.Payment.Core", "Platform\Spear.Payment.Core\Spear.Payment.Core.csproj", "{312C2CDB-DFBC-4CD9-B5B7-00D9D603004F}"
EndProject
Project("{9A19103F-16F7-4668-BE54-9A1E7A4F7556}") = "Spear.Payment.Alipay", "Platform\Spear.Payment.Alipay\Spear.Payment.Alipay.csproj", "{8EB8D423-3C0A-4D97-B331-28984769FACB}"
EndProject
Project("{9A19103F-16F7-4668-BE54-9A1E7A4F7556}") = "Spear.Payment.Wechat", "Platform\Spear.Payment.Wechat\Spear.Payment.Wechat.csproj", "{9717A1D5-CE79-4C05-812A-B7C7D855C990}"
EndProject
Global
	GlobalSection(SolutionConfigurationPlatforms) = preSolution
		Debug|Any CPU = Debug|Any CPU
		Debug|x64 = Debug|x64
		Debug|x86 = Debug|x86
		Release|Any CPU = Release|Any CPU
		Release|x64 = Release|x64
		Release|x86 = Release|x86
	EndGlobalSection
	GlobalSection(ProjectConfigurationPlatforms) = postSolution
		{F6C7489D-3B8E-40B6-ABB6-15999DCB2171}.Debug|Any CPU.ActiveCfg = Debug|Any CPU
		{F6C7489D-3B8E-40B6-ABB6-15999DCB2171}.Debug|Any CPU.Build.0 = Debug|Any CPU
		{F6C7489D-3B8E-40B6-ABB6-15999DCB2171}.Debug|x64.ActiveCfg = Debug|Any CPU
		{F6C7489D-3B8E-40B6-ABB6-15999DCB2171}.Debug|x64.Build.0 = Debug|Any CPU
		{F6C7489D-3B8E-40B6-ABB6-15999DCB2171}.Debug|x86.ActiveCfg = Debug|Any CPU
		{F6C7489D-3B8E-40B6-ABB6-15999DCB2171}.Debug|x86.Build.0 = Debug|Any CPU
		{F6C7489D-3B8E-40B6-ABB6-15999DCB2171}.Release|Any CPU.ActiveCfg = Release|Any CPU
		{F6C7489D-3B8E-40B6-ABB6-15999DCB2171}.Release|Any CPU.Build.0 = Release|Any CPU
		{F6C7489D-3B8E-40B6-ABB6-15999DCB2171}.Release|x64.ActiveCfg = Release|Any CPU
		{F6C7489D-3B8E-40B6-ABB6-15999DCB2171}.Release|x64.Build.0 = Release|Any CPU
		{F6C7489D-3B8E-40B6-ABB6-15999DCB2171}.Release|x86.ActiveCfg = Release|Any CPU
		{F6C7489D-3B8E-40B6-ABB6-15999DCB2171}.Release|x86.Build.0 = Release|Any CPU
		{6B4DB3D5-63CB-4809-8DB5-BD9F0F28E8D1}.Debug|Any CPU.ActiveCfg = Debug|Any CPU
		{6B4DB3D5-63CB-4809-8DB5-BD9F0F28E8D1}.Debug|Any CPU.Build.0 = Debug|Any CPU
		{6B4DB3D5-63CB-4809-8DB5-BD9F0F28E8D1}.Debug|x64.ActiveCfg = Debug|Any CPU
		{6B4DB3D5-63CB-4809-8DB5-BD9F0F28E8D1}.Debug|x64.Build.0 = Debug|Any CPU
		{6B4DB3D5-63CB-4809-8DB5-BD9F0F28E8D1}.Debug|x86.ActiveCfg = Debug|Any CPU
		{6B4DB3D5-63CB-4809-8DB5-BD9F0F28E8D1}.Debug|x86.Build.0 = Debug|Any CPU
		{6B4DB3D5-63CB-4809-8DB5-BD9F0F28E8D1}.Release|Any CPU.ActiveCfg = Release|Any CPU
		{6B4DB3D5-63CB-4809-8DB5-BD9F0F28E8D1}.Release|Any CPU.Build.0 = Release|Any CPU
		{6B4DB3D5-63CB-4809-8DB5-BD9F0F28E8D1}.Release|x64.ActiveCfg = Release|Any CPU
		{6B4DB3D5-63CB-4809-8DB5-BD9F0F28E8D1}.Release|x64.Build.0 = Release|Any CPU
		{6B4DB3D5-63CB-4809-8DB5-BD9F0F28E8D1}.Release|x86.ActiveCfg = Release|Any CPU
		{6B4DB3D5-63CB-4809-8DB5-BD9F0F28E8D1}.Release|x86.Build.0 = Release|Any CPU
		{F6E13887-B554-4139-874B-188BA468B874}.Debug|Any CPU.ActiveCfg = Debug|Any CPU
		{F6E13887-B554-4139-874B-188BA468B874}.Debug|Any CPU.Build.0 = Debug|Any CPU
		{F6E13887-B554-4139-874B-188BA468B874}.Debug|x64.ActiveCfg = Debug|Any CPU
		{F6E13887-B554-4139-874B-188BA468B874}.Debug|x64.Build.0 = Debug|Any CPU
		{F6E13887-B554-4139-874B-188BA468B874}.Debug|x86.ActiveCfg = Debug|Any CPU
		{F6E13887-B554-4139-874B-188BA468B874}.Debug|x86.Build.0 = Debug|Any CPU
		{F6E13887-B554-4139-874B-188BA468B874}.Release|Any CPU.ActiveCfg = Release|Any CPU
		{F6E13887-B554-4139-874B-188BA468B874}.Release|Any CPU.Build.0 = Release|Any CPU
		{F6E13887-B554-4139-874B-188BA468B874}.Release|x64.ActiveCfg = Release|Any CPU
		{F6E13887-B554-4139-874B-188BA468B874}.Release|x64.Build.0 = Release|Any CPU
		{F6E13887-B554-4139-874B-188BA468B874}.Release|x86.ActiveCfg = Release|Any CPU
		{F6E13887-B554-4139-874B-188BA468B874}.Release|x86.Build.0 = Release|Any CPU
		{34C69DBB-54E8-4F64-92DD-A232E785DF1F}.Debug|Any CPU.ActiveCfg = Debug|Any CPU
		{34C69DBB-54E8-4F64-92DD-A232E785DF1F}.Debug|Any CPU.Build.0 = Debug|Any CPU
		{34C69DBB-54E8-4F64-92DD-A232E785DF1F}.Debug|x64.ActiveCfg = Debug|Any CPU
		{34C69DBB-54E8-4F64-92DD-A232E785DF1F}.Debug|x64.Build.0 = Debug|Any CPU
		{34C69DBB-54E8-4F64-92DD-A232E785DF1F}.Debug|x86.ActiveCfg = Debug|Any CPU
		{34C69DBB-54E8-4F64-92DD-A232E785DF1F}.Debug|x86.Build.0 = Debug|Any CPU
		{34C69DBB-54E8-4F64-92DD-A232E785DF1F}.Release|Any CPU.ActiveCfg = Release|Any CPU
		{34C69DBB-54E8-4F64-92DD-A232E785DF1F}.Release|Any CPU.Build.0 = Release|Any CPU
		{34C69DBB-54E8-4F64-92DD-A232E785DF1F}.Release|x64.ActiveCfg = Release|Any CPU
		{34C69DBB-54E8-4F64-92DD-A232E785DF1F}.Release|x64.Build.0 = Release|Any CPU
		{34C69DBB-54E8-4F64-92DD-A232E785DF1F}.Release|x86.ActiveCfg = Release|Any CPU
		{34C69DBB-54E8-4F64-92DD-A232E785DF1F}.Release|x86.Build.0 = Release|Any CPU
		{95A3E106-B9CA-435B-BA25-81AFC377B97E}.Debug|Any CPU.ActiveCfg = Debug|Any CPU
		{95A3E106-B9CA-435B-BA25-81AFC377B97E}.Debug|Any CPU.Build.0 = Debug|Any CPU
		{95A3E106-B9CA-435B-BA25-81AFC377B97E}.Debug|x64.ActiveCfg = Debug|Any CPU
		{95A3E106-B9CA-435B-BA25-81AFC377B97E}.Debug|x64.Build.0 = Debug|Any CPU
		{95A3E106-B9CA-435B-BA25-81AFC377B97E}.Debug|x86.ActiveCfg = Debug|Any CPU
		{95A3E106-B9CA-435B-BA25-81AFC377B97E}.Debug|x86.Build.0 = Debug|Any CPU
		{95A3E106-B9CA-435B-BA25-81AFC377B97E}.Release|Any CPU.ActiveCfg = Release|Any CPU
		{95A3E106-B9CA-435B-BA25-81AFC377B97E}.Release|Any CPU.Build.0 = Release|Any CPU
		{95A3E106-B9CA-435B-BA25-81AFC377B97E}.Release|x64.ActiveCfg = Release|Any CPU
		{95A3E106-B9CA-435B-BA25-81AFC377B97E}.Release|x64.Build.0 = Release|Any CPU
		{95A3E106-B9CA-435B-BA25-81AFC377B97E}.Release|x86.ActiveCfg = Release|Any CPU
		{95A3E106-B9CA-435B-BA25-81AFC377B97E}.Release|x86.Build.0 = Release|Any CPU
		{312C2CDB-DFBC-4CD9-B5B7-00D9D603004F}.Debug|Any CPU.ActiveCfg = Debug|Any CPU
		{312C2CDB-DFBC-4CD9-B5B7-00D9D603004F}.Debug|Any CPU.Build.0 = Debug|Any CPU
		{312C2CDB-DFBC-4CD9-B5B7-00D9D603004F}.Debug|x64.ActiveCfg = Debug|Any CPU
		{312C2CDB-DFBC-4CD9-B5B7-00D9D603004F}.Debug|x64.Build.0 = Debug|Any CPU
		{312C2CDB-DFBC-4CD9-B5B7-00D9D603004F}.Debug|x86.ActiveCfg = Debug|Any CPU
		{312C2CDB-DFBC-4CD9-B5B7-00D9D603004F}.Debug|x86.Build.0 = Debug|Any CPU
		{312C2CDB-DFBC-4CD9-B5B7-00D9D603004F}.Release|Any CPU.ActiveCfg = Release|Any CPU
		{312C2CDB-DFBC-4CD9-B5B7-00D9D603004F}.Release|Any CPU.Build.0 = Release|Any CPU
		{312C2CDB-DFBC-4CD9-B5B7-00D9D603004F}.Release|x64.ActiveCfg = Release|Any CPU
		{312C2CDB-DFBC-4CD9-B5B7-00D9D603004F}.Release|x64.Build.0 = Release|Any CPU
		{312C2CDB-DFBC-4CD9-B5B7-00D9D603004F}.Release|x86.ActiveCfg = Release|Any CPU
		{312C2CDB-DFBC-4CD9-B5B7-00D9D603004F}.Release|x86.Build.0 = Release|Any CPU
		{8EB8D423-3C0A-4D97-B331-28984769FACB}.Debug|Any CPU.ActiveCfg = Debug|Any CPU
		{8EB8D423-3C0A-4D97-B331-28984769FACB}.Debug|Any CPU.Build.0 = Debug|Any CPU
		{8EB8D423-3C0A-4D97-B331-28984769FACB}.Debug|x64.ActiveCfg = Debug|Any CPU
		{8EB8D423-3C0A-4D97-B331-28984769FACB}.Debug|x64.Build.0 = Debug|Any CPU
		{8EB8D423-3C0A-4D97-B331-28984769FACB}.Debug|x86.ActiveCfg = Debug|Any CPU
		{8EB8D423-3C0A-4D97-B331-28984769FACB}.Debug|x86.Build.0 = Debug|Any CPU
		{8EB8D423-3C0A-4D97-B331-28984769FACB}.Release|Any CPU.ActiveCfg = Release|Any CPU
		{8EB8D423-3C0A-4D97-B331-28984769FACB}.Release|Any CPU.Build.0 = Release|Any CPU
		{8EB8D423-3C0A-4D97-B331-28984769FACB}.Release|x64.ActiveCfg = Release|Any CPU
		{8EB8D423-3C0A-4D97-B331-28984769FACB}.Release|x64.Build.0 = Release|Any CPU
		{8EB8D423-3C0A-4D97-B331-28984769FACB}.Release|x86.ActiveCfg = Release|Any CPU
		{8EB8D423-3C0A-4D97-B331-28984769FACB}.Release|x86.Build.0 = Release|Any CPU
		{9717A1D5-CE79-4C05-812A-B7C7D855C990}.Debug|Any CPU.ActiveCfg = Debug|Any CPU
		{9717A1D5-CE79-4C05-812A-B7C7D855C990}.Debug|Any CPU.Build.0 = Debug|Any CPU
		{9717A1D5-CE79-4C05-812A-B7C7D855C990}.Debug|x64.ActiveCfg = Debug|Any CPU
		{9717A1D5-CE79-4C05-812A-B7C7D855C990}.Debug|x64.Build.0 = Debug|Any CPU
		{9717A1D5-CE79-4C05-812A-B7C7D855C990}.Debug|x86.ActiveCfg = Debug|Any CPU
		{9717A1D5-CE79-4C05-812A-B7C7D855C990}.Debug|x86.Build.0 = Debug|Any CPU
		{9717A1D5-CE79-4C05-812A-B7C7D855C990}.Release|Any CPU.ActiveCfg = Release|Any CPU
		{9717A1D5-CE79-4C05-812A-B7C7D855C990}.Release|Any CPU.Build.0 = Release|Any CPU
		{9717A1D5-CE79-4C05-812A-B7C7D855C990}.Release|x64.ActiveCfg = Release|Any CPU
		{9717A1D5-CE79-4C05-812A-B7C7D855C990}.Release|x64.Build.0 = Release|Any CPU
		{9717A1D5-CE79-4C05-812A-B7C7D855C990}.Release|x86.ActiveCfg = Release|Any CPU
		{9717A1D5-CE79-4C05-812A-B7C7D855C990}.Release|x86.Build.0 = Release|Any CPU
	EndGlobalSection
	GlobalSection(SolutionProperties) = preSolution
		HideSolutionNode = FALSE
	EndGlobalSection
	GlobalSection(NestedProjects) = preSolution
		{F6C7489D-3B8E-40B6-ABB6-15999DCB2171} = {4BB43F58-5E37-481C-98D4-849EFFC9D56D}
		{F6E13887-B554-4139-874B-188BA468B874} = {162ED961-06D9-47AD-BA15-489220AD085E}
		{34C69DBB-54E8-4F64-92DD-A232E785DF1F} = {162ED961-06D9-47AD-BA15-489220AD085E}
		{95A3E106-B9CA-435B-BA25-81AFC377B97E} = {162ED961-06D9-47AD-BA15-489220AD085E}
		{312C2CDB-DFBC-4CD9-B5B7-00D9D603004F} = {37AC0DC7-03CF-41F6-A6AF-D6A0A9F82DEF}
		{8EB8D423-3C0A-4D97-B331-28984769FACB} = {37AC0DC7-03CF-41F6-A6AF-D6A0A9F82DEF}
		{9717A1D5-CE79-4C05-812A-B7C7D855C990} = {37AC0DC7-03CF-41F6-A6AF-D6A0A9F82DEF}
	EndGlobalSection
	GlobalSection(ExtensibilityGlobals) = postSolution
		SolutionGuid = {7E69AAC2-6F5D-4879-A0A2-F2FA8CF8EE4B}
	EndGlobalSection
EndGlobal
